
Microsoft Visual Studio Solution File, Format Version 12.00
# Visual Studio Version 16
VisualStudioVersion = 16.0.31129.286
MinimumVisualStudioVersion = 10.0.40219.1
Project("{FAE04EC0-301F-11D3-BF4B-00C04F79EFBC}") = "ModernDesign", "ModernDesign\ModernDesign.csproj", "{8E2CC590-2395-4C4C-A3E7-667C020B636A}"
EndProject
Global
	GlobalSection(SolutionConfigurationPlatforms) = preSolution
		Debug|Any CPU = Debug|Any CPU
		Release|Any CPU = Release|Any CPU
	EndGlobalSection
	GlobalSection(ProjectConfigurationPlatforms) = postSolution
		{8E2CC590-2395-4C4C-A3E7-667C020B636A}.Debug|Any CPU.ActiveCfg = Debug|Any CPU
		{8E2CC590-2395-4C4C-A3E7-667C020B636A}.Debug|Any CPU.Build.0 = Debug|Any CPU
		{8E2CC590-2395-4C4C-A3E7-667C020B636A}.Release|Any CPU.ActiveCfg = Release|Any CPU
		{8E2CC590-2395-4C4C-A3E7-667C020B636A}.Release|Any CPU.Build.0 = Release|Any CPU
	EndGlobalSection
	GlobalSection(SolutionProperties) = preSolution
		HideSolutionNode = FALSE
	EndGlobalSection
	GlobalSection(ExtensibilityGlobals) = postSolution
		SolutionGuid = {7FE371AC-4DE0-47E4-89F7-3B396EAF2E46}
	EndGlobalSection
EndGlobal
