
Microsoft Visual Studio Solution File, Format Version 12.00
# Visual Studio Version 16
VisualStudioVersion = 16.0.31129.286
MinimumVisualStudioVersion = 10.0.40219.1
Project("{FAE04EC0-301F-11D3-BF4B-00C04F79EFBC}") = "ConsoleTest", "ConsoleTest\ConsoleTest.csproj", "{C023083F-C3A4-4DDC-9A8F-14A3DF4A02B0}"
EndProject
Global
	GlobalSection(SolutionConfigurationPlatforms) = preSolution
		Debug|Any CPU = Debug|Any CPU
		Release|Any CPU = Release|Any CPU
	EndGlobalSection
	GlobalSection(ProjectConfigurationPlatforms) = postSolution
		{C023083F-C3A4-4DDC-9A8F-14A3DF4A02B0}.Debug|Any CPU.ActiveCfg = Debug|Any CPU
		{C023083F-C3A4-4DDC-9A8F-14A3DF4A02B0}.Debug|Any CPU.Build.0 = Debug|Any CPU
		{C023083F-C3A4-4DDC-9A8F-14A3DF4A02B0}.Release|Any CPU.ActiveCfg = Release|Any CPU
		{C023083F-C3A4-4DDC-9A8F-14A3DF4A02B0}.Release|Any CPU.Build.0 = Release|Any CPU
	EndGlobalSection
	GlobalSection(SolutionProperties) = preSolution
		HideSolutionNode = FALSE
	EndGlobalSection
	GlobalSection(ExtensibilityGlobals) = postSolution
		SolutionGuid = {D0C9A129-A088-4247-B021-717FC1650289}
	EndGlobalSection
EndGlobal
