
Microsoft Visual Studio Solution File, Format Version 12.00
# Visual Studio Version 16
VisualStudioVersion = 16.0.31129.286
MinimumVisualStudioVersion = 10.0.40219.1
Project("{FAE04EC0-301F-11D3-BF4B-00C04F79EFBC}") = "BitmapTesting", "BitmapTesting\BitmapTesting.csproj", "{69CDF443-8817-47B6-9079-25F686D4C459}"
EndProject
Global
	GlobalSection(SolutionConfigurationPlatforms) = preSolution
		Debug|Any CPU = Debug|Any CPU
		Release|Any CPU = Release|Any CPU
	EndGlobalSection
	GlobalSection(ProjectConfigurationPlatforms) = postSolution
		{69CDF443-8817-47B6-9079-25F686D4C459}.Debug|Any CPU.ActiveCfg = Debug|Any CPU
		{69CDF443-8817-47B6-9079-25F686D4C459}.Debug|Any CPU.Build.0 = Debug|Any CPU
		{69CDF443-8817-47B6-9079-25F686D4C459}.Release|Any CPU.ActiveCfg = Release|Any CPU
		{69CDF443-8817-47B6-9079-25F686D4C459}.Release|Any CPU.Build.0 = Release|Any CPU
	EndGlobalSection
	GlobalSection(SolutionProperties) = preSolution
		HideSolutionNode = FALSE
	EndGlobalSection
	GlobalSection(ExtensibilityGlobals) = postSolution
		SolutionGuid = {B0661E77-4C30-4B56-A629-ECAAA3D7504D}
	EndGlobalSection
EndGlobal
